// !$*UTF8*$!
{
	archiveVersion = 1;
	classes = {
	};
	objectVersion = 55;
	objects = {

/* Begin PBXBuildFile section */
		774EF4E7288924F700D04770 /* asm1_finalApp.swift in Sources */ = {isa = PBXBuildFile; fileRef = 774EF4E6288924F700D04770 /* asm1_finalApp.swift */; };
		774EF4E9288924F700D04770 /* ContentView.swift in Sources */ = {isa = PBXBuildFile; fileRef = 774EF4E8288924F700D04770 /* ContentView.swift */; };
		774EF4EB288924F800D04770 /* Assets.xcassets in Resources */ = {isa = PBXBuildFile; fileRef = 774EF4EA288924F800D04770 /* Assets.xcassets */; };
		774EF4EE288924F800D04770 /* Preview Assets.xcassets in Resources */ = {isa = PBXBuildFile; fileRef = 774EF4ED288924F800D04770 /* Preview Assets.xcassets */; };
		774EF4F8288924F800D04770 /* asm1_finalTests.swift in Sources */ = {isa = PBXBuildFile; fileRef = 774EF4F7288924F800D04770 /* asm1_finalTests.swift */; };
		774EF502288924F800D04770 /* asm1_finalUITests.swift in Sources */ = {isa = PBXBuildFile; fileRef = 774EF501288924F800D04770 /* asm1_finalUITests.swift */; };
		774EF504288924F800D04770 /* asm1_finalUITestsLaunchTests.swift in Sources */ = {isa = PBXBuildFile; fileRef = 774EF503288924F800D04770 /* asm1_finalUITestsLaunchTests.swift */; };
/* End PBXBuildFile section */

/* Begin PBXContainerItemProxy section */
		774EF4F4288924F800D04770 /* PBXContainerItemProxy */ = {
			isa = PBXContainerItemProxy;
			containerPortal = 774EF4DB288924F700D04770 /* Project object */;
			proxyType = 1;
			remoteGlobalIDString = 774EF4E2288924F700D04770;
			remoteInfo = asm1_final;
		};
		774EF4FE288924F800D04770 /* PBXContainerItemProxy */ = {
			isa = PBXContainerItemProxy;
			containerPortal = 774EF4DB288924F700D04770 /* Project object */;
			proxyType = 1;
			remoteGlobalIDString = 774EF4E2288924F700D04770;
			remoteInfo = asm1_final;
		};
/* End PBXContainerItemProxy section */

/* Begin PBXFileReference section */
		774EF4E3288924F700D04770 /* asm1_final.app */ = {isa = PBXFileReference; explicitFileType = wrapper.application; includeInIndex = 0; path = asm1_final.app; sourceTree = BUILT_PRODUCTS_DIR; };
		774EF4E6288924F700D04770 /* asm1_finalApp.swift */ = {isa = PBXFileReference; lastKnownFileType = sourcecode.swift; path = asm1_finalApp.swift; sourceTree = "<group>"; };
		774EF4E8288924F700D04770 /* ContentView.swift */ = {isa = PBXFileReference; lastKnownFileType = sourcecode.swift; path = ContentView.swift; sourceTree = "<group>"; };
		774EF4EA288924F800D04770 /* Assets.xcassets */ = {isa = PBXFileReference; lastKnownFileType = folder.assetcatalog; path = Assets.xcassets; sourceTree = "<group>"; };
		774EF4ED288924F800D04770 /* Preview Assets.xcassets */ = {isa = PBXFileReference; lastKnownFileType = folder.assetcatalog; path = "Preview Assets.xcassets"; sourceTree = "<group>"; };
		774EF4F3288924F800D04770 /* asm1_finalTests.xctest */ = {isa = PBXFileReference; explicitFileType = wrapper.cfbundle; includeInIndex = 0; path = asm1_finalTests.xctest; sourceTree = BUILT_PRODUCTS_DIR; };
		774EF4F7288924F800D04770 /* asm1_finalTests.swift */ = {isa = PBXFileReference; lastKnownFileType = sourcecode.swift; path = asm1_finalTests.swift; sourceTree = "<group>"; };
		774EF4FD288924F800D04770 /* asm1_finalUITests.xctest */ = {isa = PBXFileReference; explicitFileType = wrapper.cfbundle; includeInIndex = 0; path = asm1_finalUITests.xctest; sourceTree = BUILT_PRODUCTS_DIR; };
		774EF501288924F800D04770 /* asm1_finalUITests.swift */ = {isa = PBXFileReference; lastKnownFileType = sourcecode.swift; path = asm1_finalUITests.swift; sourceTree = "<group>"; };
		774EF503288924F800D04770 /* asm1_finalUITestsLaunchTests.swift */ = {isa = PBXFileReference; lastKnownFileType = sourcecode.swift; path = asm1_finalUITestsLaunchTests.swift; sourceTree = "<group>"; };
/* End PBXFileReference section */

/* Begin PBXFrameworksBuildPhase section */
		774EF4E0288924F700D04770 /* Frameworks */ = {
			isa = PBXFrameworksBuildPhase;
			buildActionMask = 2147483647;
			files = (
			);
			runOnlyForDeploymentPostprocessing = 0;
		};
		774EF4F0288924F800D04770 /* Frameworks */ = {
			isa = PBXFrameworksBuildPhase;
			buildActionMask = 2147483647;
			files = (
			);
			runOnlyForDeploymentPostprocessing = 0;
		};
		774EF4FA288924F800D04770 /* Frameworks */ = {
			isa = PBXFrameworksBuildPhase;
			buildActionMask = 2147483647;
			files = (
			);
			runOnlyForDeploymentPostprocessing = 0;
		};
/* End PBXFrameworksBuildPhase section */

/* Begin PBXGroup section */
		774EF4DA288924F700D04770 = {
			isa = PBXGroup;
			children = (
				774EF4E5288924F700D04770 /* asm1_final */,
				774EF4F6288924F800D04770 /* asm1_finalTests */,
				774EF500288924F800D04770 /* asm1_finalUITests */,
				774EF4E4288924F700D04770 /* Products */,
			);
			sourceTree = "<group>";
		};
		774EF4E4288924F700D04770 /* Products */ = {
			isa = PBXGroup;
			children = (
				774EF4E3288924F700D04770 /* asm1_final.app */,
				774EF4F3288924F800D04770 /* asm1_finalTests.xctest */,
				774EF4FD288924F800D04770 /* asm1_finalUITests.xctest */,
			);
			name = Products;
			sourceTree = "<group>";
		};
		774EF4E5288924F700D04770 /* asm1_final */ = {
			isa = PBXGroup;
			children = (
				774EF4E6288924F700D04770 /* asm1_finalApp.swift */,
				774EF4E8288924F700D04770 /* ContentView.swift */,
				774EF4EA288924F800D04770 /* Assets.xcassets */,
				774EF4EC288924F800D04770 /* Preview Content */,
			);
			path = asm1_final;
			sourceTree = "<group>";
		};
		774EF4EC288924F800D04770 /* Preview Content */ = {
			isa = PBXGroup;
			children = (
				774EF4ED288924F800D04770 /* Preview Assets.xcassets */,
			);
			path = "Preview Content";
			sourceTree = "<group>";
		};
		774EF4F6288924F800D04770 /* asm1_finalTests */ = {
			isa = PBXGroup;
			children = (
				774EF4F7288924F800D04770 /* asm1_finalTests.swift */,
			);
			path = asm1_finalTests;
			sourceTree = "<group>";
		};
		774EF500288924F800D04770 /* asm1_finalUITests */ = {
			isa = PBXGroup;
			children = (
				774EF501288924F800D04770 /* asm1_finalUITests.swift */,
				774EF503288924F800D04770 /* asm1_finalUITestsLaunchTests.swift */,
			);
			path = asm1_finalUITests;
			sourceTree = "<group>";
		};
/* End PBXGroup section */

/* Begin PBXNativeTarget section */
		774EF4E2288924F700D04770 /* asm1_final */ = {
			isa = PBXNativeTarget;
			buildConfigurationList = 774EF507288924F800D04770 /* Build configuration list for PBXNativeTarget "asm1_final" */;
			buildPhases = (
				774EF4DF288924F700D04770 /* Sources */,
				774EF4E0288924F700D04770 /* Frameworks */,
				774EF4E1288924F700D04770 /* Resources */,
			);
			buildRules = (
			);
			dependencies = (
			);
			name = asm1_final;
			productName = asm1_final;
			productReference = 774EF4E3288924F700D04770 /* asm1_final.app */;
			productType = "com.apple.product-type.application";
		};
		774EF4F2288924F800D04770 /* asm1_finalTests */ = {
			isa = PBXNativeTarget;
			buildConfigurationList = 774EF50A288924F800D04770 /* Build configuration list for PBXNativeTarget "asm1_finalTests" */;
			buildPhases = (
				774EF4EF288924F800D04770 /* Sources */,
				774EF4F0288924F800D04770 /* Frameworks */,
				774EF4F1288924F800D04770 /* Resources */,
			);
			buildRules = (
			);
			dependencies = (
				774EF4F5288924F800D04770 /* PBXTargetDependency */,
			);
			name = asm1_finalTests;
			productName = asm1_finalTests;
			productReference = 774EF4F3288924F800D04770 /* asm1_finalTests.xctest */;
			productType = "com.apple.product-type.bundle.unit-test";
		};
		774EF4FC288924F800D04770 /* asm1_finalUITests */ = {
			isa = PBXNativeTarget;
			buildConfigurationList = 774EF50D288924F800D04770 /* Build configuration list for PBXNativeTarget "asm1_finalUITests" */;
			buildPhases = (
				774EF4F9288924F800D04770 /* Sources */,
				774EF4FA288924F800D04770 /* Frameworks */,
				774EF4FB288924F800D04770 /* Resources */,
			);
			buildRules = (
			);
			dependencies = (
				774EF4FF288924F800D04770 /* PBXTargetDependency */,
			);
			name = asm1_finalUITests;
			productName = asm1_finalUITests;
			productReference = 774EF4FD288924F800D04770 /* asm1_finalUITests.xctest */;
			productType = "com.apple.product-type.bundle.ui-testing";
		};
/* End PBXNativeTarget section */

/* Begin PBXProject section */
		774EF4DB288924F700D04770 /* Project object */ = {
			isa = PBXProject;
			attributes = {
				BuildIndependentTargetsInParallel = 1;
				LastSwiftUpdateCheck = 1310;
				LastUpgradeCheck = 1310;
				TargetAttributes = {
					774EF4E2288924F700D04770 = {
						CreatedOnToolsVersion = 13.1;
					};
					774EF4F2288924F800D04770 = {
						CreatedOnToolsVersion = 13.1;
						TestTargetID = 774EF4E2288924F700D04770;
					};
					774EF4FC288924F800D04770 = {
						CreatedOnToolsVersion = 13.1;
						TestTargetID = 774EF4E2288924F700D04770;
					};
				};
			};
			buildConfigurationList = 774EF4DE288924F700D04770 /* Build configuration list for PBXProject "asm1_final" */;
			compatibilityVersion = "Xcode 13.0";
			developmentRegion = en;
			hasScannedForEncodings = 0;
			knownRegions = (
				en,
				Base,
			);
			mainGroup = 774EF4DA288924F700D04770;
			productRefGroup = 774EF4E4288924F700D04770 /* Products */;
			projectDirPath = "";
			projectRoot = "";
			targets = (
				774EF4E2288924F700D04770 /* asm1_final */,
				774EF4F2288924F800D04770 /* asm1_finalTests */,
				774EF4FC288924F800D04770 /* asm1_finalUITests */,
			);
		};
/* End PBXProject section */

/* Begin PBXResourcesBuildPhase section */
		774EF4E1288924F700D04770 /* Resources */ = {
			isa = PBXResourcesBuildPhase;
			buildActionMask = 2147483647;
			files = (
				774EF4EE288924F800D04770 /* Preview Assets.xcassets in Resources */,
				774EF4EB288924F800D04770 /* Assets.xcassets in Resources */,
			);
			runOnlyForDeploymentPostprocessing = 0;
		};
		774EF4F1288924F800D04770 /* Resources */ = {
			isa = PBXResourcesBuildPhase;
			buildActionMask = 2147483647;
			files = (
			);
			runOnlyForDeploymentPostprocessing = 0;
		};
		774EF4FB288924F800D04770 /* Resources */ = {
			isa = PBXResourcesBuildPhase;
			buildActionMask = 2147483647;
			files = (
			);
			runOnlyForDeploymentPostprocessing = 0;
		};
/* End PBXResourcesBuildPhase section */

/* Begin PBXSourcesBuildPhase section */
		774EF4DF288924F700D04770 /* Sources */ = {
			isa = PBXSourcesBuildPhase;
			buildActionMask = 2147483647;
			files = (
				774EF4E9288924F700D04770 /* ContentView.swift in Sources */,
				774EF4E7288924F700D04770 /* asm1_finalApp.swift in Sources */,
			);
			runOnlyForDeploymentPostprocessing = 0;
		};
		774EF4EF288924F800D04770 /* Sources */ = {
			isa = PBXSourcesBuildPhase;
			buildActionMask = 2147483647;
			files = (
				774EF4F8288924F800D04770 /* asm1_finalTests.swift in Sources */,
			);
			runOnlyForDeploymentPostprocessing = 0;
		};
		774EF4F9288924F800D04770 /* Sources */ = {
			isa = PBXSourcesBuildPhase;
			buildActionMask = 2147483647;
			files = (
				774EF502288924F800D04770 /* asm1_finalUITests.swift in Sources */,
				774EF504288924F800D04770 /* asm1_finalUITestsLaunchTests.swift in Sources */,
			);
			runOnlyForDeploymentPostprocessing = 0;
		};
/* End PBXSourcesBuildPhase section */

/* Begin PBXTargetDependency section */
		774EF4F5288924F800D04770 /* PBXTargetDependency */ = {
			isa = PBXTargetDependency;
			target = 774EF4E2288924F700D04770 /* asm1_final */;
			targetProxy = 774EF4F4288924F800D04770 /* PBXContainerItemProxy */;
		};
		774EF4FF288924F800D04770 /* PBXTargetDependency */ = {
			isa = PBXTargetDependency;
			target = 774EF4E2288924F700D04770 /* asm1_final */;
			targetProxy = 774EF4FE288924F800D04770 /* PBXContainerItemProxy */;
		};
/* End PBXTargetDependency section */

/* Begin XCBuildConfiguration section */
		774EF505288924F800D04770 /* Debug */ = {
			isa = XCBuildConfiguration;
			buildSettings = {
				ALWAYS_SEARCH_USER_PATHS = NO;
				CLANG_ANALYZER_NONNULL = YES;
				CLANG_ANALYZER_NUMBER_OBJECT_CONVERSION = YES_AGGRESSIVE;
				CLANG_CXX_LANGUAGE_STANDARD = "gnu++17";
				CLANG_CXX_LIBRARY = "libc++";
				CLANG_ENABLE_MODULES = YES;
				CLANG_ENABLE_OBJC_ARC = YES;
				CLANG_ENABLE_OBJC_WEAK = YES;
				CLANG_WARN_BLOCK_CAPTURE_AUTORELEASING = YES;
				CLANG_WARN_BOOL_CONVERSION = YES;
				CLANG_WARN_COMMA = YES;
				CLANG_WARN_CONSTANT_CONVERSION = YES;
				CLANG_WARN_DEPRECATED_OBJC_IMPLEMENTATIONS = YES;
				CLANG_WARN_DIRECT_OBJC_ISA_USAGE = YES_ERROR;
				CLANG_WARN_DOCUMENTATION_COMMENTS = YES;
				CLANG_WARN_EMPTY_BODY = YES;
				CLANG_WARN_ENUM_CONVERSION = YES;
				CLANG_WARN_INFINITE_RECURSION = YES;
				CLANG_WARN_INT_CONVERSION = YES;
				CLANG_WARN_NON_LITERAL_NULL_CONVERSION = YES;
				CLANG_WARN_OBJC_IMPLICIT_RETAIN_SELF = YES;
				CLANG_WARN_OBJC_LITERAL_CONVERSION = YES;
				CLANG_WARN_OBJC_ROOT_CLASS = YES_ERROR;
				CLANG_WARN_QUOTED_INCLUDE_IN_FRAMEWORK_HEADER = YES;
				CLANG_WARN_RANGE_LOOP_ANALYSIS = YES;
				CLANG_WARN_STRICT_PROTOTYPES = YES;
				CLANG_WARN_SUSPICIOUS_MOVE = YES;
				CLANG_WARN_UNGUARDED_AVAILABILITY = YES_AGGRESSIVE;
				CLANG_WARN_UNREACHABLE_CODE = YES;
				CLANG_WARN__DUPLICATE_METHOD_MATCH = YES;
				COPY_PHASE_STRIP = NO;
				DEBUG_INFORMATION_FORMAT = dwarf;
				ENABLE_STRICT_OBJC_MSGSEND = YES;
				ENABLE_TESTABILITY = YES;
				GCC_C_LANGUAGE_STANDARD = gnu11;
				GCC_DYNAMIC_NO_PIC = NO;
				GCC_NO_COMMON_BLOCKS = YES;
				GCC_OPTIMIZATION_LEVEL = 0;
				GCC_PREPROCESSOR_DEFINITIONS = (
					"DEBUG=1",
					"$(inherited)",
				);
				GCC_WARN_64_TO_32_BIT_CONVERSION = YES;
				GCC_WARN_ABOUT_RETURN_TYPE = YES_ERROR;
				GCC_WARN_UNDECLARED_SELECTOR = YES;
				GCC_WARN_UNINITIALIZED_AUTOS = YES_AGGRESSIVE;
				GCC_WARN_UNUSED_FUNCTION = YES;
				GCC_WARN_UNUSED_VARIABLE = YES;
				IPHONEOS_DEPLOYMENT_TARGET = 15.0;
				MTL_ENABLE_DEBUG_INFO = INCLUDE_SOURCE;
				MTL_FAST_MATH = YES;
				ONLY_ACTIVE_ARCH = YES;
				SDKROOT = iphoneos;
				SWIFT_ACTIVE_COMPILATION_CONDITIONS = DEBUG;
				SWIFT_OPTIMIZATION_LEVEL = "-Onone";
			};
			name = Debug;
		};
		774EF506288924F800D04770 /* Release */ = {
			isa = XCBuildConfiguration;
			buildSettings = {
				ALWAYS_SEARCH_USER_PATHS = NO;
				CLANG_ANALYZER_NONNULL = YES;
				CLANG_ANALYZER_NUMBER_OBJECT_CONVERSION = YES_AGGRESSIVE;
				CLANG_CXX_LANGUAGE_STANDARD = "gnu++17";
				CLANG_CXX_LIBRARY = "libc++";
				CLANG_ENABLE_MODULES = YES;
				CLANG_ENABLE_OBJC_ARC = YES;
				CLANG_ENABLE_OBJC_WEAK = YES;
				CLANG_WARN_BLOCK_CAPTURE_AUTORELEASING = YES;
				CLANG_WARN_BOOL_CONVERSION = YES;
				CLANG_WARN_COMMA = YES;
				CLANG_WARN_CONSTANT_CONVERSION = YES;
				CLANG_WARN_DEPRECATED_OBJC_IMPLEMENTATIONS = YES;
				CLANG_WARN_DIRECT_OBJC_ISA_USAGE = YES_ERROR;
				CLANG_WARN_DOCUMENTATION_COMMENTS = YES;
				CLANG_WARN_EMPTY_BODY = YES;
				CLANG_WARN_ENUM_CONVERSION = YES;
				CLANG_WARN_INFINITE_RECURSION = YES;
				CLANG_WARN_INT_CONVERSION = YES;
				CLANG_WARN_NON_LITERAL_NULL_CONVERSION = YES;
				CLANG_WARN_OBJC_IMPLICIT_RETAIN_SELF = YES;
				CLANG_WARN_OBJC_LITERAL_CONVERSION = YES;
				CLANG_WARN_OBJC_ROOT_CLASS = YES_ERROR;
				CLANG_WARN_QUOTED_INCLUDE_IN_FRAMEWORK_HEADER = YES;
				CLANG_WARN_RANGE_LOOP_ANALYSIS = YES;
				CLANG_WARN_STRICT_PROTOTYPES = YES;
				CLANG_WARN_SUSPICIOUS_MOVE = YES;
				CLANG_WARN_UNGUARDED_AVAILABILITY = YES_AGGRESSIVE;
				CLANG_WARN_UNREACHABLE_CODE = YES;
				CLANG_WARN__DUPLICATE_METHOD_MATCH = YES;
				COPY_PHASE_STRIP = NO;
				DEBUG_INFORMATION_FORMAT = "dwarf-with-dsym";
				ENABLE_NS_ASSERTIONS = NO;
				ENABLE_STRICT_OBJC_MSGSEND = YES;
				GCC_C_LANGUAGE_STANDARD = gnu11;
				GCC_NO_COMMON_BLOCKS = YES;
				GCC_WARN_64_TO_32_BIT_CONVERSION = YES;
				GCC_WARN_ABOUT_RETURN_TYPE = YES_ERROR;
				GCC_WARN_UNDECLARED_SELECTOR = YES;
				GCC_WARN_UNINITIALIZED_AUTOS = YES_AGGRESSIVE;
				GCC_WARN_UNUSED_FUNCTION = YES;
				GCC_WARN_UNUSED_VARIABLE = YES;
				IPHONEOS_DEPLOYMENT_TARGET = 15.0;
				MTL_ENABLE_DEBUG_INFO = NO;
				MTL_FAST_MATH = YES;
				SDKROOT = iphoneos;
				SWIFT_COMPILATION_MODE = wholemodule;
				SWIFT_OPTIMIZATION_LEVEL = "-O";
				VALIDATE_PRODUCT = YES;
			};
			name = Release;
		};
		774EF508288924F800D04770 /* Debug */ = {
			isa = XCBuildConfiguration;
			buildSettings = {
				ASSETCATALOG_COMPILER_APPICON_NAME = AppIcon;
				ASSETCATALOG_COMPILER_GLOBAL_ACCENT_COLOR_NAME = AccentColor;
				CODE_SIGN_STYLE = Automatic;
				CURRENT_PROJECT_VERSION = 1;
				DEVELOPMENT_ASSET_PATHS = "\"asm1_final/Preview Content\"";
				ENABLE_PREVIEWS = YES;
				GENERATE_INFOPLIST_FILE = YES;
				INFOPLIST_KEY_UIApplicationSceneManifest_Generation = YES;
				INFOPLIST_KEY_UIApplicationSupportsIndirectInputEvents = YES;
				INFOPLIST_KEY_UILaunchScreen_Generation = YES;
				INFOPLIST_KEY_UISupportedInterfaceOrientations_iPad = "UIInterfaceOrientationPortrait UIInterfaceOrientationPortraitUpsideDown UIInterfaceOrientationLandscapeLeft UIInterfaceOrientationLandscapeRight";
				INFOPLIST_KEY_UISupportedInterfaceOrientations_iPhone = "UIInterfaceOrientationPortrait UIInterfaceOrientationLandscapeLeft UIInterfaceOrientationLandscapeRight";
				LD_RUNPATH_SEARCH_PATHS = (
					"$(inherited)",
					"@executable_path/Frameworks",
				);
				MARKETING_VERSION = 1.0;
				PRODUCT_BUNDLE_IDENTIFIER = "s3759957-rmit.edu.vn.asm1-final";
				PRODUCT_NAME = "$(TARGET_NAME)";
				SWIFT_EMIT_LOC_STRINGS = YES;
				SWIFT_VERSION = 5.0;
				TARGETED_DEVICE_FAMILY = "1,2";
			};
			name = Debug;
		};
		774EF509288924F800D04770 /* Release */ = {
			isa = XCBuildConfiguration;
			buildSettings = {
				ASSETCATALOG_COMPILER_APPICON_NAME = AppIcon;
				ASSETCATALOG_COMPILER_GLOBAL_ACCENT_COLOR_NAME = AccentColor;
				CODE_SIGN_STYLE = Automatic;
				CURRENT_PROJECT_VERSION = 1;
				DEVELOPMENT_ASSET_PATHS = "\"asm1_final/Preview Content\"";
				ENABLE_PREVIEWS = YES;
				GENERATE_INFOPLIST_FILE = YES;
				INFOPLIST_KEY_UIApplicationSceneManifest_Generation = YES;
				INFOPLIST_KEY_UIApplicationSupportsIndirectInputEvents = YES;
				INFOPLIST_KEY_UILaunchScreen_Generation = YES;
				INFOPLIST_KEY_UISupportedInterfaceOrientations_iPad = "UIInterfaceOrientationPortrait UIInterfaceOrientationPortraitUpsideDown UIInterfaceOrientationLandscapeLeft UIInterfaceOrientationLandscapeRight";
				INFOPLIST_KEY_UISupportedInterfaceOrientations_iPhone = "UIInterfaceOrientationPortrait UIInterfaceOrientationLandscapeLeft UIInterfaceOrientationLandscapeRight";
				LD_RUNPATH_SEARCH_PATHS = (
					"$(inherited)",
					"@executable_path/Frameworks",
				);
				MARKETING_VERSION = 1.0;
				PRODUCT_BUNDLE_IDENTIFIER = "s3759957-rmit.edu.vn.asm1-final";
				PRODUCT_NAME = "$(TARGET_NAME)";
				SWIFT_EMIT_LOC_STRINGS = YES;
				SWIFT_VERSION = 5.0;
				TARGETED_DEVICE_FAMILY = "1,2";
			};
			name = Release;
		};
		774EF50B288924F800D04770 /* Debug */ = {
			isa = XCBuildConfiguration;
			buildSettings = {
				ALWAYS_EMBED_SWIFT_STANDARD_LIBRARIES = YES;
				BUNDLE_LOADER = "$(TEST_HOST)";
				CODE_SIGN_STYLE = Automatic;
				CURRENT_PROJECT_VERSION = 1;
				GENERATE_INFOPLIST_FILE = YES;
				IPHONEOS_DEPLOYMENT_TARGET = 15.0;
				LD_RUNPATH_SEARCH_PATHS = (
					"$(inherited)",
					"@executable_path/Frameworks",
					"@loader_path/Frameworks",
				);
				MARKETING_VERSION = 1.0;
				PRODUCT_BUNDLE_IDENTIFIER = "s3759957-rmit.edu.vn.asm1-finalTests";
				PRODUCT_NAME = "$(TARGET_NAME)";
				SWIFT_EMIT_LOC_STRINGS = NO;
				SWIFT_VERSION = 5.0;
				TARGETED_DEVICE_FAMILY = "1,2";
				TEST_HOST = "$(BUILT_PRODUCTS_DIR)/asm1_final.app/asm1_final";
			};
			name = Debug;
		};
		774EF50C288924F800D04770 /* Release */ = {
			isa = XCBuildConfiguration;
			buildSettings = {
				ALWAYS_EMBED_SWIFT_STANDARD_LIBRARIES = YES;
				BUNDLE_LOADER = "$(TEST_HOST)";
				CODE_SIGN_STYLE = Automatic;
				CURRENT_PROJECT_VERSION = 1;
				GENERATE_INFOPLIST_FILE = YES;
				IPHONEOS_DEPLOYMENT_TARGET = 15.0;
				LD_RUNPATH_SEARCH_PATHS = (
					"$(inherited)",
					"@executable_path/Frameworks",
					"@loader_path/Frameworks",
				);
				MARKETING_VERSION = 1.0;
				PRODUCT_BUNDLE_IDENTIFIER = "s3759957-rmit.edu.vn.asm1-finalTests";
				PRODUCT_NAME = "$(TARGET_NAME)";
				SWIFT_EMIT_LOC_STRINGS = NO;
				SWIFT_VERSION = 5.0;
				TARGETED_DEVICE_FAMILY = "1,2";
				TEST_HOST = "$(BUILT_PRODUCTS_DIR)/asm1_final.app/asm1_final";
			};
			name = Release;
		};
		774EF50E288924F800D04770 /* Debug */ = {
			isa = XCBuildConfiguration;
			buildSettings = {
				ALWAYS_EMBED_SWIFT_STANDARD_LIBRARIES = YES;
				CODE_SIGN_STYLE = Automatic;
				CURRENT_PROJECT_VERSION = 1;
				GENERATE_INFOPLIST_FILE = YES;
				LD_RUNPATH_SEARCH_PATHS = (
					"$(inherited)",
					"@executable_path/Frameworks",
					"@loader_path/Frameworks",
				);
				MARKETING_VERSION = 1.0;
				PRODUCT_BUNDLE_IDENTIFIER = "s3759957-rmit.edu.vn.asm1-finalUITests";
				PRODUCT_NAME = "$(TARGET_NAME)";
				SWIFT_EMIT_LOC_STRINGS = NO;
				SWIFT_VERSION = 5.0;
				TARGETED_DEVICE_FAMILY = "1,2";
				TEST_TARGET_NAME = asm1_final;
			};
			name = Debug;
		};
		774EF50F288924F800D04770 /* Release */ = {
			isa = XCBuildConfiguration;
			buildSettings = {
				ALWAYS_EMBED_SWIFT_STANDARD_LIBRARIES = YES;
				CODE_SIGN_STYLE = Automatic;
				CURRENT_PROJECT_VERSION = 1;
				GENERATE_INFOPLIST_FILE = YES;
				LD_RUNPATH_SEARCH_PATHS = (
					"$(inherited)",
					"@executable_path/Frameworks",
					"@loader_path/Frameworks",
				);
				MARKETING_VERSION = 1.0;
				PRODUCT_BUNDLE_IDENTIFIER = "s3759957-rmit.edu.vn.asm1-finalUITests";
				PRODUCT_NAME = "$(TARGET_NAME)";
				SWIFT_EMIT_LOC_STRINGS = NO;
				SWIFT_VERSION = 5.0;
				TARGETED_DEVICE_FAMILY = "1,2";
				TEST_TARGET_NAME = asm1_final;
			};
			name = Release;
		};
/* End XCBuildConfiguration section */

/* Begin XCConfigurationList section */
		774EF4DE288924F700D04770 /* Build configuration list for PBXProject "asm1_final" */ = {
			isa = XCConfigurationList;
			buildConfigurations = (
				774EF505288924F800D04770 /* Debug */,
				774EF506288924F800D04770 /* Release */,
			);
			defaultConfigurationIsVisible = 0;
			defaultConfigurationName = Release;
		};
		774EF507288924F800D04770 /* Build configuration list for PBXNativeTarget "asm1_final" */ = {
			isa = XCConfigurationList;
			buildConfigurations = (
				774EF508288924F800D04770 /* Debug */,
				774EF509288924F800D04770 /* Release */,
			);
			defaultConfigurationIsVisible = 0;
			defaultConfigurationName = Release;
		};
		774EF50A288924F800D04770 /* Build configuration list for PBXNativeTarget "asm1_finalTests" */ = {
			isa = XCConfigurationList;
			buildConfigurations = (
				774EF50B288924F800D04770 /* Debug */,
				774EF50C288924F800D04770 /* Release */,
			);
			defaultConfigurationIsVisible = 0;
			defaultConfigurationName = Release;
		};
		774EF50D288924F800D04770 /* Build configuration list for PBXNativeTarget "asm1_finalUITests" */ = {
			isa = XCConfigurationList;
			buildConfigurations = (
				774EF50E288924F800D04770 /* Debug */,
				774EF50F288924F800D04770 /* Release */,
			);
			defaultConfigurationIsVisible = 0;
			defaultConfigurationName = Release;
		};
/* End XCConfigurationList section */
	};
	rootObject = 774EF4DB288924F700D04770 /* Project object */;
}
